{
  "version": 4,
  "terraform_version": "0.15.3",
  "serial": 34,
  "lineage": "43856ad1-4922-3fd1-762b-6e7f3851c9ef",
  "outputs": {},
  "resources": [
    {
      "mode": "managed",
      "type": "azurerm_linux_virtual_machine",
      "name": "vm-aulainfra",
      "provider": "provider[\"registry.terraform.io/hashicorp/azurerm\"]",
      "instances": [
        {
          "schema_version": 0,
          "attributes": {
            "additional_capabilities": [],
            "admin_password": "Aulainfra@2021",
            "admin_ssh_key": [],
            "admin_username": "adminuser",
            "allow_extension_operations": true,
            "availability_set_id": "",
            "boot_diagnostics": [],
            "computer_name": "vmaula",
            "custom_data": null,
            "dedicated_host_id": "",
            "disable_password_authentication": false,
            "encryption_at_host_enabled": false,
            "eviction_policy": "",
            "extensions_time_budget": "PT1H30M",
            "id": "/subscriptions/03d9b74f-eefd-4a1f-a7cb-7823b624167f/resourceGroups/example/providers/Microsoft.Compute/virtualMachines/vmaula",
            "identity": [],
            "license_type": "",
            "location": "eastus",
            "max_bid_price": -1,
            "name": "vmaula",
            "network_interface_ids": [
              "/subscriptions/03d9b74f-eefd-4a1f-a7cb-7823b624167f/resourceGroups/example/providers/Microsoft.Network/networkInterfaces/niaula"
            ],
            "os_disk": [
              {
                "caching": "ReadWrite",
                "diff_disk_settings": [],
                "disk_encryption_set_id": "",
                "disk_size_gb": 30,
                "name": "vmaula_OsDisk_1_8ff457ac46fb45919edcd949268f4ef5",
                "storage_account_type": "Standard_LRS",
                "write_accelerator_enabled": false
              }
            ],
            "plan": [],
            "platform_fault_domain": -1,
            "priority": "Regular",
            "private_ip_address": "10.0.1.4",
            "private_ip_addresses": [
              "10.0.1.4"
            ],
            "provision_vm_agent": true,
            "proximity_placement_group_id": "",
            "public_ip_address": "52.188.162.211",
            "public_ip_addresses": [
              "52.188.162.211"
            ],
            "resource_group_name": "example",
            "secret": [],
            "size": "Standard_F2",
            "source_image_id": "",
            "source_image_reference": [
              {
                "offer": "UbuntuServer",
                "publisher": "Canonical",
                "sku": "16.04-LTS",
                "version": "latest"
              }
            ],
            "tags": {},
            "timeouts": null,
            "virtual_machine_id": "41dc90c3-fca9-46d6-84dc-6d0302c6210d",
            "virtual_machine_scale_set_id": "",
            "zone": ""
          },
          "sensitive_attributes": [],
          "private": "eyJlMmJmYjczMC1lY2FhLTExZTYtOGY4OC0zNDM2M2JjN2M0YzAiOnsiY3JlYXRlIjoyNzAwMDAwMDAwMDAwLCJkZWxldGUiOjI3MDAwMDAwMDAwMDAsInJlYWQiOjMwMDAwMDAwMDAwMCwidXBkYXRlIjoyNzAwMDAwMDAwMDAwfX0=",
          "dependencies": [
            "azurerm_network_interface.ni-aulainfra",
            "azurerm_public_ip.publicip-aulainfra",
            "azurerm_resource_group.rg-aulainfra",
            "azurerm_subnet.subnet-aulainfra",
            "azurerm_virtual_network.vnet-aulainfra"
          ]
        }
      ]
    },
    {
      "mode": "managed",
      "type": "azurerm_network_interface",
      "name": "ni-aulainfra",
      "provider": "provider[\"registry.terraform.io/hashicorp/azurerm\"]",
      "instances": [
        {
          "schema_version": 0,
          "attributes": {
            "applied_dns_servers": [],
            "dns_servers": [],
            "enable_accelerated_networking": false,
            "enable_ip_forwarding": false,
            "id": "/subscriptions/03d9b74f-eefd-4a1f-a7cb-7823b624167f/resourceGroups/example/providers/Microsoft.Network/networkInterfaces/niaula",
            "internal_dns_name_label": "",
            "internal_domain_name_suffix": "u4cqvj3u5nluzm5auuufj0mwqb.bx.internal.cloudapp.net",
            "ip_configuration": [
              {
                "name": "internal",
                "primary": true,
                "private_ip_address": "10.0.1.4",
                "private_ip_address_allocation": "Dynamic",
                "private_ip_address_version": "IPv4",
                "public_ip_address_id": "/subscriptions/03d9b74f-eefd-4a1f-a7cb-7823b624167f/resourceGroups/example/providers/Microsoft.Network/publicIPAddresses/publicipaula",
                "subnet_id": "/subscriptions/03d9b74f-eefd-4a1f-a7cb-7823b624167f/resourceGroups/example/providers/Microsoft.Network/virtualNetworks/vnetaula/subnets/subnetaulainfra"
              }
            ],
            "location": "eastus",
            "mac_address": "00-0D-3A-55-C6-69",
            "name": "niaula",
            "private_ip_address": "10.0.1.4",
            "private_ip_addresses": [
              "10.0.1.4"
            ],
            "resource_group_name": "example",
            "tags": {},
            "timeouts": null,
            "virtual_machine_id": "/subscriptions/03d9b74f-eefd-4a1f-a7cb-7823b624167f/resourceGroups/example/providers/Microsoft.Compute/virtualMachines/vmaula"
          },
          "sensitive_attributes": [],
          "private": "eyJlMmJmYjczMC1lY2FhLTExZTYtOGY4OC0zNDM2M2JjN2M0YzAiOnsiY3JlYXRlIjoxODAwMDAwMDAwMDAwLCJkZWxldGUiOjE4MDAwMDAwMDAwMDAsInJlYWQiOjMwMDAwMDAwMDAwMCwidXBkYXRlIjoxODAwMDAwMDAwMDAwfX0=",
          "dependencies": [
            "azurerm_public_ip.publicip-aulainfra",
            "azurerm_resource_group.rg-aulainfra",
            "azurerm_subnet.subnet-aulainfra",
            "azurerm_virtual_network.vnet-aulainfra"
          ]
        }
      ]
    },
    {
      "mode": "managed",
      "type": "azurerm_network_interface_security_group_association",
      "name": "example",
      "provider": "provider[\"registry.terraform.io/hashicorp/azurerm\"]",
      "instances": [
        {
          "schema_version": 0,
          "attributes": {
            "id": "/subscriptions/03d9b74f-eefd-4a1f-a7cb-7823b624167f/resourceGroups/example/providers/Microsoft.Network/networkInterfaces/niaula|/subscriptions/03d9b74f-eefd-4a1f-a7cb-7823b624167f/resourceGroups/example/providers/Microsoft.Network/networkSecurityGroups/nsgaula",
            "network_interface_id": "/subscriptions/03d9b74f-eefd-4a1f-a7cb-7823b624167f/resourceGroups/example/providers/Microsoft.Network/networkInterfaces/niaula",
            "network_security_group_id": "/subscriptions/03d9b74f-eefd-4a1f-a7cb-7823b624167f/resourceGroups/example/providers/Microsoft.Network/networkSecurityGroups/nsgaula",
            "timeouts": null
          },
          "sensitive_attributes": [],
          "private": "eyJlMmJmYjczMC1lY2FhLTExZTYtOGY4OC0zNDM2M2JjN2M0YzAiOnsiY3JlYXRlIjoxODAwMDAwMDAwMDAwLCJkZWxldGUiOjE4MDAwMDAwMDAwMDAsInJlYWQiOjMwMDAwMDAwMDAwMCwidXBkYXRlIjoxODAwMDAwMDAwMDAwfX0=",
          "dependencies": [
            "azurerm_virtual_network.vnet-aulainfra",
            "azurerm_network_interface.ni-aulainfra",
            "azurerm_network_security_group.nsg-aulainfra",
            "azurerm_public_ip.publicip-aulainfra",
            "azurerm_resource_group.rg-aulainfra",
            "azurerm_subnet.subnet-aulainfra"
          ]
        }
      ]
    },
    {
      "mode": "managed",
      "type": "azurerm_network_security_group",
      "name": "nsg-aulainfra",
      "provider": "provider[\"registry.terraform.io/hashicorp/azurerm\"]",
      "instances": [
        {
          "schema_version": 0,
          "attributes": {
            "id": "/subscriptions/03d9b74f-eefd-4a1f-a7cb-7823b624167f/resourceGroups/example/providers/Microsoft.Network/networkSecurityGroups/nsgaula",
            "location": "eastus",
            "name": "nsgaula",
            "resource_group_name": "example",
            "security_rule": [
              {
                "access": "Allow",
                "description": "",
                "destination_address_prefix": "*",
                "destination_address_prefixes": [],
                "destination_application_security_group_ids": [],
                "destination_port_range": "3386",
                "destination_port_ranges": [],
                "direction": "Inbound",
                "name": "SSH",
                "priority": 100,
                "protocol": "Tcp",
                "source_address_prefix": "*",
                "source_address_prefixes": [],
                "source_application_security_group_ids": [],
                "source_port_range": "*",
                "source_port_ranges": []
              }
            ],
            "tags": {},
            "timeouts": null
          },
          "sensitive_attributes": [],
          "private": "eyJlMmJmYjczMC1lY2FhLTExZTYtOGY4OC0zNDM2M2JjN2M0YzAiOnsiY3JlYXRlIjoxODAwMDAwMDAwMDAwLCJkZWxldGUiOjE4MDAwMDAwMDAwMDAsInJlYWQiOjMwMDAwMDAwMDAwMCwidXBkYXRlIjoxODAwMDAwMDAwMDAwfX0=",
          "dependencies": [
            "azurerm_resource_group.rg-aulainfra"
          ]
        }
      ]
    },
    {
      "mode": "managed",
      "type": "azurerm_public_ip",
      "name": "publicip-aulainfra",
      "provider": "provider[\"registry.terraform.io/hashicorp/azurerm\"]",
      "instances": [
        {
          "schema_version": 0,
          "attributes": {
            "allocation_method": "Static",
            "domain_name_label": null,
            "fqdn": null,
            "id": "/subscriptions/03d9b74f-eefd-4a1f-a7cb-7823b624167f/resourceGroups/example/providers/Microsoft.Network/publicIPAddresses/publicipaula",
            "idle_timeout_in_minutes": 4,
            "ip_address": "52.188.162.211",
            "ip_tags": {},
            "ip_version": "IPv4",
            "location": "eastus",
            "name": "publicipaula",
            "public_ip_prefix_id": null,
            "resource_group_name": "example",
            "reverse_fqdn": null,
            "sku": "Basic",
            "tags": {},
            "timeouts": null,
            "zones": []
          },
          "sensitive_attributes": [],
          "private": "eyJlMmJmYjczMC1lY2FhLTExZTYtOGY4OC0zNDM2M2JjN2M0YzAiOnsiY3JlYXRlIjoxODAwMDAwMDAwMDAwLCJkZWxldGUiOjE4MDAwMDAwMDAwMDAsInJlYWQiOjMwMDAwMDAwMDAwMCwidXBkYXRlIjoxODAwMDAwMDAwMDAwfX0=",
          "dependencies": [
            "azurerm_resource_group.rg-aulainfra"
          ]
        }
      ]
    },
    {
      "mode": "managed",
      "type": "azurerm_resource_group",
      "name": "rg-aulainfra",
      "provider": "provider[\"registry.terraform.io/hashicorp/azurerm\"]",
      "instances": [
        {
          "schema_version": 0,
          "attributes": {
            "id": "/subscriptions/03d9b74f-eefd-4a1f-a7cb-7823b624167f/resourceGroups/example",
            "location": "eastus",
            "name": "example",
            "tags": {},
            "timeouts": null
          },
          "sensitive_attributes": [],
          "private": "eyJlMmJmYjczMC1lY2FhLTExZTYtOGY4OC0zNDM2M2JjN2M0YzAiOnsiY3JlYXRlIjo1NDAwMDAwMDAwMDAwLCJkZWxldGUiOjU0MDAwMDAwMDAwMDAsInJlYWQiOjMwMDAwMDAwMDAwMCwidXBkYXRlIjo1NDAwMDAwMDAwMDAwfX0="
        }
      ]
    },
    {
      "mode": "managed",
      "type": "azurerm_subnet",
      "name": "subnet-aulainfra",
      "provider": "provider[\"registry.terraform.io/hashicorp/azurerm\"]",
      "instances": [
        {
          "schema_version": 0,
          "attributes": {
            "address_prefix": "10.0.1.0/24",
            "address_prefixes": [
              "10.0.1.0/24"
            ],
            "delegation": [],
            "enforce_private_link_endpoint_network_policies": false,
            "enforce_private_link_service_network_policies": false,
            "id": "/subscriptions/03d9b74f-eefd-4a1f-a7cb-7823b624167f/resourceGroups/example/providers/Microsoft.Network/virtualNetworks/vnetaula/subnets/subnetaulainfra",
            "name": "subnetaulainfra",
            "resource_group_name": "example",
            "service_endpoint_policy_ids": [],
            "service_endpoints": [],
            "timeouts": null,
            "virtual_network_name": "vnetaula"
          },
          "sensitive_attributes": [],
          "private": "eyJlMmJmYjczMC1lY2FhLTExZTYtOGY4OC0zNDM2M2JjN2M0YzAiOnsiY3JlYXRlIjoxODAwMDAwMDAwMDAwLCJkZWxldGUiOjE4MDAwMDAwMDAwMDAsInJlYWQiOjMwMDAwMDAwMDAwMCwidXBkYXRlIjoxODAwMDAwMDAwMDAwfX0=",
          "dependencies": [
            "azurerm_resource_group.rg-aulainfra",
            "azurerm_virtual_network.vnet-aulainfra"
          ]
        }
      ]
    },
    {
      "mode": "managed",
      "type": "azurerm_virtual_network",
      "name": "vnet-aulainfra",
      "provider": "provider[\"registry.terraform.io/hashicorp/azurerm\"]",
      "instances": [
        {
          "schema_version": 0,
          "attributes": {
            "address_space": [
              "10.0.0.0/16"
            ],
            "bgp_community": "",
            "ddos_protection_plan": [],
            "dns_servers": [],
            "guid": "a70a85a7-fbb4-4c57-b3e0-a52854e99681",
            "id": "/subscriptions/03d9b74f-eefd-4a1f-a7cb-7823b624167f/resourceGroups/example/providers/Microsoft.Network/virtualNetworks/vnetaula",
            "location": "eastus",
            "name": "vnetaula",
            "resource_group_name": "example",
            "subnet": [
              {
                "address_prefix": "10.0.1.0/24",
                "id": "/subscriptions/03d9b74f-eefd-4a1f-a7cb-7823b624167f/resourceGroups/example/providers/Microsoft.Network/virtualNetworks/vnetaula/subnets/subnetaulainfra",
                "name": "subnetaulainfra",
                "security_group": ""
              }
            ],
            "tags": {
              "environment": "aula"
            },
            "timeouts": null,
            "vm_protection_enabled": false
          },
          "sensitive_attributes": [],
          "private": "eyJlMmJmYjczMC1lY2FhLTExZTYtOGY4OC0zNDM2M2JjN2M0YzAiOnsiY3JlYXRlIjoxODAwMDAwMDAwMDAwLCJkZWxldGUiOjE4MDAwMDAwMDAwMDAsInJlYWQiOjMwMDAwMDAwMDAwMCwidXBkYXRlIjoxODAwMDAwMDAwMDAwfX0=",
          "dependencies": [
            "azurerm_resource_group.rg-aulainfra"
          ]
        }
      ]
    }
  ]
}
